
Microsoft Visual Studio Solution File, Format Version 12.00
# Visual Studio 2015
Project("{FAE04EC0-301F-11D3-BF4B-00C04F79EFBC}") = "Juego 4 Meses.CSharp", "Juego 4 Meses.CSharp.csproj", "{A78B6714-6621-13BE-D0C2-85095738D4EA}"
EndProject
Global
	GlobalSection(SolutionConfigurationPlatforms) = preSolution
		Debug|Any CPU = Debug|Any CPU
		Release|Any CPU = Release|Any CPU
	EndGlobalSection
	GlobalSection(ProjectConfigurationPlatforms) = postSolution
		{A78B6714-6621-13BE-D0C2-85095738D4EA}.Debug|Any CPU.ActiveCfg = Debug|Any CPU
		{A78B6714-6621-13BE-D0C2-85095738D4EA}.Debug|Any CPU.Build.0 = Debug|Any CPU
		{A78B6714-6621-13BE-D0C2-85095738D4EA}.Release|Any CPU.ActiveCfg = Release|Any CPU
		{A78B6714-6621-13BE-D0C2-85095738D4EA}.Release|Any CPU.Build.0 = Release|Any CPU
	EndGlobalSection
	GlobalSection(SolutionProperties) = preSolution
		HideSolutionNode = FALSE
	EndGlobalSection
EndGlobal
